
Microsoft Visual Studio Solution File, Format Version 12.00
# Visual Studio Version 17
VisualStudioVersion = 17.13.35806.99 d17.13
MinimumVisualStudioVersion = 10.0.40219.1
Project("{FAE04EC0-301F-11D3-BF4B-00C04F79EFBC}") = "ApiCapacitacion", "ApiCapacitacion\ApiCapacitacion.csproj", "{571F2363-EFA1-40EA-9C8E-EF10A3BE8280}"
EndProject
Global
	GlobalSection(SolutionConfigurationPlatforms) = preSolution
		Debug|Any CPU = Debug|Any CPU
		Release|Any CPU = Release|Any CPU
	EndGlobalSection
	GlobalSection(ProjectConfigurationPlatforms) = postSolution
		{571F2363-EFA1-40EA-9C8E-EF10A3BE8280}.Debug|Any CPU.ActiveCfg = Debug|Any CPU
		{571F2363-EFA1-40EA-9C8E-EF10A3BE8280}.Debug|Any CPU.Build.0 = Debug|Any CPU
		{571F2363-EFA1-40EA-9C8E-EF10A3BE8280}.Release|Any CPU.ActiveCfg = Release|Any CPU
		{571F2363-EFA1-40EA-9C8E-EF10A3BE8280}.Release|Any CPU.Build.0 = Release|Any CPU
	EndGlobalSection
	GlobalSection(SolutionProperties) = preSolution
		HideSolutionNode = FALSE
	EndGlobalSection
	GlobalSection(ExtensibilityGlobals) = postSolution
		SolutionGuid = {E950EE15-2E40-49CD-8409-00821FEC4662}
	EndGlobalSection
EndGlobal
